// !$*UTF8*$!
{
	archiveVersion = 1;
	classes = {
	};
	objectVersion = 56;
	objects = {

/* Begin PBXBuildFile section */
		375311B62B1E4567004B041F /* mapGeoAppApp.swift in Sources */ = {isa = PBXBuildFile; fileRef = 375311B52B1E4567004B041F /* mapGeoAppApp.swift */; };
		375311B82B1E4567004B041F /* ContentView.swift in Sources */ = {isa = PBXBuildFile; fileRef = 375311B72B1E4567004B041F /* ContentView.swift */; };
		375311BA2B1E4569004B041F /* Assets.xcassets in Resources */ = {isa = PBXBuildFile; fileRef = 375311B92B1E4569004B041F /* Assets.xcassets */; };
		375311BD2B1E4569004B041F /* Preview Assets.xcassets in Resources */ = {isa = PBXBuildFile; fileRef = 375311BC2B1E4569004B041F /* Preview Assets.xcassets */; };
		375311C42B1E55A7004B041F /* FriendLocation.swift in Sources */ = {isa = PBXBuildFile; fileRef = 375311C32B1E55A7004B041F /* FriendLocation.swift */; };
		375311C62B1E574E004B041F /* ImageNameConstant.swift in Sources */ = {isa = PBXBuildFile; fileRef = 375311C52B1E574E004B041F /* ImageNameConstant.swift */; };
		375311C82B1E5EA3004B041F /* GetRandom.swift in Sources */ = {isa = PBXBuildFile; fileRef = 375311C72B1E5EA3004B041F /* GetRandom.swift */; };
/* End PBXBuildFile section */

/* Begin PBXFileReference section */
		375311B22B1E4567004B041F /* mapGeoApp.app */ = {isa = PBXFileReference; explicitFileType = wrapper.application; includeInIndex = 0; path = mapGeoApp.app; sourceTree = BUILT_PRODUCTS_DIR; };
		375311B52B1E4567004B041F /* mapGeoAppApp.swift */ = {isa = PBXFileReference; lastKnownFileType = sourcecode.swift; path = mapGeoAppApp.swift; sourceTree = "<group>"; };
		375311B72B1E4567004B041F /* ContentView.swift */ = {isa = PBXFileReference; lastKnownFileType = sourcecode.swift; path = ContentView.swift; sourceTree = "<group>"; };
		375311B92B1E4569004B041F /* Assets.xcassets */ = {isa = PBXFileReference; lastKnownFileType = folder.assetcatalog; path = Assets.xcassets; sourceTree = "<group>"; };
		375311BC2B1E4569004B041F /* Preview Assets.xcassets */ = {isa = PBXFileReference; lastKnownFileType = folder.assetcatalog; path = "Preview Assets.xcassets"; sourceTree = "<group>"; };
		375311C32B1E55A7004B041F /* FriendLocation.swift */ = {isa = PBXFileReference; lastKnownFileType = sourcecode.swift; path = FriendLocation.swift; sourceTree = "<group>"; };
		375311C52B1E574E004B041F /* ImageNameConstant.swift */ = {isa = PBXFileReference; lastKnownFileType = sourcecode.swift; path = ImageNameConstant.swift; sourceTree = "<group>"; };
		375311C72B1E5EA3004B041F /* GetRandom.swift */ = {isa = PBXFileReference; lastKnownFileType = sourcecode.swift; path = GetRandom.swift; sourceTree = "<group>"; };
/* End PBXFileReference section */

/* Begin PBXFrameworksBuildPhase section */
		375311AF2B1E4567004B041F /* Frameworks */ = {
			isa = PBXFrameworksBuildPhase;
			buildActionMask = 2147483647;
			files = (
			);
			runOnlyForDeploymentPostprocessing = 0;
		};
/* End PBXFrameworksBuildPhase section */

/* Begin PBXGroup section */
		375311A92B1E4567004B041F = {
			isa = PBXGroup;
			children = (
				375311B42B1E4567004B041F /* mapGeoApp */,
				375311B32B1E4567004B041F /* Products */,
			);
			sourceTree = "<group>";
		};
		375311B32B1E4567004B041F /* Products */ = {
			isa = PBXGroup;
			children = (
				375311B22B1E4567004B041F /* mapGeoApp.app */,
			);
			name = Products;
			sourceTree = "<group>";
		};
		375311B42B1E4567004B041F /* mapGeoApp */ = {
			isa = PBXGroup;
			children = (
				375311B52B1E4567004B041F /* mapGeoAppApp.swift */,
				375311B72B1E4567004B041F /* ContentView.swift */,
				375311C72B1E5EA3004B041F /* GetRandom.swift */,
				375311C32B1E55A7004B041F /* FriendLocation.swift */,
				375311C52B1E574E004B041F /* ImageNameConstant.swift */,
				375311B92B1E4569004B041F /* Assets.xcassets */,
				375311BB2B1E4569004B041F /* Preview Content */,
			);
			path = mapGeoApp;
			sourceTree = "<group>";
		};
		375311BB2B1E4569004B041F /* Preview Content */ = {
			isa = PBXGroup;
			children = (
				375311BC2B1E4569004B041F /* Preview Assets.xcassets */,
			);
			path = "Preview Content";
			sourceTree = "<group>";
		};
/* End PBXGroup section */

/* Begin PBXNativeTarget section */
		375311B12B1E4567004B041F /* mapGeoApp */ = {
			isa = PBXNativeTarget;
			buildConfigurationList = 375311C02B1E4569004B041F /* Build configuration list for PBXNativeTarget "mapGeoApp" */;
			buildPhases = (
				375311AE2B1E4567004B041F /* Sources */,
				375311AF2B1E4567004B041F /* Frameworks */,
				375311B02B1E4567004B041F /* Resources */,
			);
			buildRules = (
			);
			dependencies = (
			);
			name = mapGeoApp;
			productName = mapGeoApp;
			productReference = 375311B22B1E4567004B041F /* mapGeoApp.app */;
			productType = "com.apple.product-type.application";
		};
/* End PBXNativeTarget section */

/* Begin PBXProject section */
		375311AA2B1E4567004B041F /* Project object */ = {
			isa = PBXProject;
			attributes = {
				BuildIndependentTargetsInParallel = 1;
				LastSwiftUpdateCheck = 1430;
				LastUpgradeCheck = 1430;
				TargetAttributes = {
					375311B12B1E4567004B041F = {
						CreatedOnToolsVersion = 14.3.1;
					};
				};
			};
			buildConfigurationList = 375311AD2B1E4567004B041F /* Build configuration list for PBXProject "mapGeoApp" */;
			compatibilityVersion = "Xcode 14.0";
			developmentRegion = en;
			hasScannedForEncodings = 0;
			knownRegions = (
				en,
				Base,
			);
			mainGroup = 375311A92B1E4567004B041F;
			productRefGroup = 375311B32B1E4567004B041F /* Products */;
			projectDirPath = "";
			projectRoot = "";
			targets = (
				375311B12B1E4567004B041F /* mapGeoApp */,
			);
		};
/* End PBXProject section */

/* Begin PBXResourcesBuildPhase section */
		375311B02B1E4567004B041F /* Resources */ = {
			isa = PBXResourcesBuildPhase;
			buildActionMask = 2147483647;
			files = (
				375311BD2B1E4569004B041F /* Preview Assets.xcassets in Resources */,
				375311BA2B1E4569004B041F /* Assets.xcassets in Resources */,
			);
			runOnlyForDeploymentPostprocessing = 0;
		};
/* End PBXResourcesBuildPhase section */

/* Begin PBXSourcesBuildPhase section */
		375311AE2B1E4567004B041F /* Sources */ = {
			isa = PBXSourcesBuildPhase;
			buildActionMask = 2147483647;
			files = (
				375311C62B1E574E004B041F /* ImageNameConstant.swift in Sources */,
				375311B82B1E4567004B041F /* ContentView.swift in Sources */,
				375311C82B1E5EA3004B041F /* GetRandom.swift in Sources */,
				375311C42B1E55A7004B041F /* FriendLocation.swift in Sources */,
				375311B62B1E4567004B041F /* mapGeoAppApp.swift in Sources */,
			);
			runOnlyForDeploymentPostprocessing = 0;
		};
/* End PBXSourcesBuildPhase section */

/* Begin XCBuildConfiguration section */
		375311BE2B1E4569004B041F /* Debug */ = {
			isa = XCBuildConfiguration;
			buildSettings = {
				ALWAYS_SEARCH_USER_PATHS = NO;
				CLANG_ANALYZER_NONNULL = YES;
				CLANG_ANALYZER_NUMBER_OBJECT_CONVERSION = YES_AGGRESSIVE;
				CLANG_CXX_LANGUAGE_STANDARD = "gnu++20";
				CLANG_ENABLE_MODULES = YES;
				CLANG_ENABLE_OBJC_ARC = YES;
				CLANG_ENABLE_OBJC_WEAK = YES;
				CLANG_WARN_BLOCK_CAPTURE_AUTORELEASING = YES;
				CLANG_WARN_BOOL_CONVERSION = YES;
				CLANG_WARN_COMMA = YES;
				CLANG_WARN_CONSTANT_CONVERSION = YES;
				CLANG_WARN_DEPRECATED_OBJC_IMPLEMENTATIONS = YES;
				CLANG_WARN_DIRECT_OBJC_ISA_USAGE = YES_ERROR;
				CLANG_WARN_DOCUMENTATION_COMMENTS = YES;
				CLANG_WARN_EMPTY_BODY = YES;
				CLANG_WARN_ENUM_CONVERSION = YES;
				CLANG_WARN_INFINITE_RECURSION = YES;
				CLANG_WARN_INT_CONVERSION = YES;
				CLANG_WARN_NON_LITERAL_NULL_CONVERSION = YES;
				CLANG_WARN_OBJC_IMPLICIT_RETAIN_SELF = YES;
				CLANG_WARN_OBJC_LITERAL_CONVERSION = YES;
				CLANG_WARN_OBJC_ROOT_CLASS = YES_ERROR;
				CLANG_WARN_QUOTED_INCLUDE_IN_FRAMEWORK_HEADER = YES;
				CLANG_WARN_RANGE_LOOP_ANALYSIS = YES;
				CLANG_WARN_STRICT_PROTOTYPES = YES;
				CLANG_WARN_SUSPICIOUS_MOVE = YES;
				CLANG_WARN_UNGUARDED_AVAILABILITY = YES_AGGRESSIVE;
				CLANG_WARN_UNREACHABLE_CODE = YES;
				CLANG_WARN__DUPLICATE_METHOD_MATCH = YES;
				COPY_PHASE_STRIP = NO;
				DEBUG_INFORMATION_FORMAT = dwarf;
				ENABLE_STRICT_OBJC_MSGSEND = YES;
				ENABLE_TESTABILITY = YES;
				GCC_C_LANGUAGE_STANDARD = gnu11;
				GCC_DYNAMIC_NO_PIC = NO;
				GCC_NO_COMMON_BLOCKS = YES;
				GCC_OPTIMIZATION_LEVEL = 0;
				GCC_PREPROCESSOR_DEFINITIONS = (
					"DEBUG=1",
					"$(inherited)",
				);
				GCC_WARN_64_TO_32_BIT_CONVERSION = YES;
				GCC_WARN_ABOUT_RETURN_TYPE = YES_ERROR;
				GCC_WARN_UNDECLARED_SELECTOR = YES;
				GCC_WARN_UNINITIALIZED_AUTOS = YES_AGGRESSIVE;
				GCC_WARN_UNUSED_FUNCTION = YES;
				GCC_WARN_UNUSED_VARIABLE = YES;
				IPHONEOS_DEPLOYMENT_TARGET = 16.4;
				MTL_ENABLE_DEBUG_INFO = INCLUDE_SOURCE;
				MTL_FAST_MATH = YES;
				ONLY_ACTIVE_ARCH = YES;
				SDKROOT = iphoneos;
				SWIFT_ACTIVE_COMPILATION_CONDITIONS = DEBUG;
				SWIFT_OPTIMIZATION_LEVEL = "-Onone";
			};
			name = Debug;
		};
		375311BF2B1E4569004B041F /* Release */ = {
			isa = XCBuildConfiguration;
			buildSettings = {
				ALWAYS_SEARCH_USER_PATHS = NO;
				CLANG_ANALYZER_NONNULL = YES;
				CLANG_ANALYZER_NUMBER_OBJECT_CONVERSION = YES_AGGRESSIVE;
				CLANG_CXX_LANGUAGE_STANDARD = "gnu++20";
				CLANG_ENABLE_MODULES = YES;
				CLANG_ENABLE_OBJC_ARC = YES;
				CLANG_ENABLE_OBJC_WEAK = YES;
				CLANG_WARN_BLOCK_CAPTURE_AUTORELEASING = YES;
				CLANG_WARN_BOOL_CONVERSION = YES;
				CLANG_WARN_COMMA = YES;
				CLANG_WARN_CONSTANT_CONVERSION = YES;
				CLANG_WARN_DEPRECATED_OBJC_IMPLEMENTATIONS = YES;
				CLANG_WARN_DIRECT_OBJC_ISA_USAGE = YES_ERROR;
				CLANG_WARN_DOCUMENTATION_COMMENTS = YES;
				CLANG_WARN_EMPTY_BODY = YES;
				CLANG_WARN_ENUM_CONVERSION = YES;
				CLANG_WARN_INFINITE_RECURSION = YES;
				CLANG_WARN_INT_CONVERSION = YES;
				CLANG_WARN_NON_LITERAL_NULL_CONVERSION = YES;
				CLANG_WARN_OBJC_IMPLICIT_RETAIN_SELF = YES;
				CLANG_WARN_OBJC_LITERAL_CONVERSION = YES;
				CLANG_WARN_OBJC_ROOT_CLASS = YES_ERROR;
				CLANG_WARN_QUOTED_INCLUDE_IN_FRAMEWORK_HEADER = YES;
				CLANG_WARN_RANGE_LOOP_ANALYSIS = YES;
				CLANG_WARN_STRICT_PROTOTYPES = YES;
				CLANG_WARN_SUSPICIOUS_MOVE = YES;
				CLANG_WARN_UNGUARDED_AVAILABILITY = YES_AGGRESSIVE;
				CLANG_WARN_UNREACHABLE_CODE = YES;
				CLANG_WARN__DUPLICATE_METHOD_MATCH = YES;
				COPY_PHASE_STRIP = NO;
				DEBUG_INFORMATION_FORMAT = "dwarf-with-dsym";
				ENABLE_NS_ASSERTIONS = NO;
				ENABLE_STRICT_OBJC_MSGSEND = YES;
				GCC_C_LANGUAGE_STANDARD = gnu11;
				GCC_NO_COMMON_BLOCKS = YES;
				GCC_WARN_64_TO_32_BIT_CONVERSION = YES;
				GCC_WARN_ABOUT_RETURN_TYPE = YES_ERROR;
				GCC_WARN_UNDECLARED_SELECTOR = YES;
				GCC_WARN_UNINITIALIZED_AUTOS = YES_AGGRESSIVE;
				GCC_WARN_UNUSED_FUNCTION = YES;
				GCC_WARN_UNUSED_VARIABLE = YES;
				IPHONEOS_DEPLOYMENT_TARGET = 16.4;
				MTL_ENABLE_DEBUG_INFO = NO;
				MTL_FAST_MATH = YES;
				SDKROOT = iphoneos;
				SWIFT_COMPILATION_MODE = wholemodule;
				SWIFT_OPTIMIZATION_LEVEL = "-O";
				VALIDATE_PRODUCT = YES;
			};
			name = Release;
		};
		375311C12B1E4569004B041F /* Debug */ = {
			isa = XCBuildConfiguration;
			buildSettings = {
				ASSETCATALOG_COMPILER_APPICON_NAME = AppIcon;
				ASSETCATALOG_COMPILER_GLOBAL_ACCENT_COLOR_NAME = AccentColor;
				CODE_SIGN_STYLE = Automatic;
				CURRENT_PROJECT_VERSION = 1;
				DEVELOPMENT_ASSET_PATHS = "\"mapGeoApp/Preview Content\"";
				DEVELOPMENT_TEAM = 38BPR85JLN;
				ENABLE_PREVIEWS = YES;
				GENERATE_INFOPLIST_FILE = YES;
				INFOPLIST_KEY_NSLocationWhenInUseUsageDescription = "Предоставьте доступ к Вашей геолокации, чтобы приложение нашло вас на карте";
				INFOPLIST_KEY_UIApplicationSceneManifest_Generation = YES;
				INFOPLIST_KEY_UIApplicationSupportsIndirectInputEvents = YES;
				INFOPLIST_KEY_UILaunchScreen_Generation = YES;
				INFOPLIST_KEY_UISupportedInterfaceOrientations_iPad = "UIInterfaceOrientationPortrait UIInterfaceOrientationPortraitUpsideDown UIInterfaceOrientationLandscapeLeft UIInterfaceOrientationLandscapeRight";
				INFOPLIST_KEY_UISupportedInterfaceOrientations_iPhone = "UIInterfaceOrientationPortrait UIInterfaceOrientationLandscapeLeft UIInterfaceOrientationLandscapeRight";
				IPHONEOS_DEPLOYMENT_TARGET = 16.0;
				LD_RUNPATH_SEARCH_PATHS = (
					"$(inherited)",
					"@executable_path/Frameworks",
				);
				MARKETING_VERSION = 1.0;
				PRODUCT_BUNDLE_IDENTIFIER = com.annagogley.mapGeoApp;
				PRODUCT_NAME = "$(TARGET_NAME)";
				SWIFT_EMIT_LOC_STRINGS = YES;
				SWIFT_VERSION = 5.0;
				TARGETED_DEVICE_FAMILY = "1,2";
			};
			name = Debug;
		};
		375311C22B1E4569004B041F /* Release */ = {
			isa = XCBuildConfiguration;
			buildSettings = {
				ASSETCATALOG_COMPILER_APPICON_NAME = AppIcon;
				ASSETCATALOG_COMPILER_GLOBAL_ACCENT_COLOR_NAME = AccentColor;
				CODE_SIGN_STYLE = Automatic;
				CURRENT_PROJECT_VERSION = 1;
				DEVELOPMENT_ASSET_PATHS = "\"mapGeoApp/Preview Content\"";
				DEVELOPMENT_TEAM = 38BPR85JLN;
				ENABLE_PREVIEWS = YES;
				GENERATE_INFOPLIST_FILE = YES;
				INFOPLIST_KEY_NSLocationWhenInUseUsageDescription = "Предоставьте доступ к Вашей геолокации, чтобы приложение нашло вас на карте";
				INFOPLIST_KEY_UIApplicationSceneManifest_Generation = YES;
				INFOPLIST_KEY_UIApplicationSupportsIndirectInputEvents = YES;
				INFOPLIST_KEY_UILaunchScreen_Generation = YES;
				INFOPLIST_KEY_UISupportedInterfaceOrientations_iPad = "UIInterfaceOrientationPortrait UIInterfaceOrientationPortraitUpsideDown UIInterfaceOrientationLandscapeLeft UIInterfaceOrientationLandscapeRight";
				INFOPLIST_KEY_UISupportedInterfaceOrientations_iPhone = "UIInterfaceOrientationPortrait UIInterfaceOrientationLandscapeLeft UIInterfaceOrientationLandscapeRight";
				IPHONEOS_DEPLOYMENT_TARGET = 16.0;
				LD_RUNPATH_SEARCH_PATHS = (
					"$(inherited)",
					"@executable_path/Frameworks",
				);
				MARKETING_VERSION = 1.0;
				PRODUCT_BUNDLE_IDENTIFIER = com.annagogley.mapGeoApp;
				PRODUCT_NAME = "$(TARGET_NAME)";
				SWIFT_EMIT_LOC_STRINGS = YES;
				SWIFT_VERSION = 5.0;
				TARGETED_DEVICE_FAMILY = "1,2";
			};
			name = Release;
		};
/* End XCBuildConfiguration section */

/* Begin XCConfigurationList section */
		375311AD2B1E4567004B041F /* Build configuration list for PBXProject "mapGeoApp" */ = {
			isa = XCConfigurationList;
			buildConfigurations = (
				375311BE2B1E4569004B041F /* Debug */,
				375311BF2B1E4569004B041F /* Release */,
			);
			defaultConfigurationIsVisible = 0;
			defaultConfigurationName = Release;
		};
		375311C02B1E4569004B041F /* Build configuration list for PBXNativeTarget "mapGeoApp" */ = {
			isa = XCConfigurationList;
			buildConfigurations = (
				375311C12B1E4569004B041F /* Debug */,
				375311C22B1E4569004B041F /* Release */,
			);
			defaultConfigurationIsVisible = 0;
			defaultConfigurationName = Release;
		};
/* End XCConfigurationList section */
	};
	rootObject = 375311AA2B1E4567004B041F /* Project object */;
}
